{
  "name": "Automation-Testing-Assessment",
  "lockfileVersion": 3,
  "requires": true,
  "packages": {
    "": {
      "devDependencies": {
        "allure-commandline": "^2.34.0",
        "newman-reporter-allure": "^3.2.2"
      }
    },
    "node_modules/allure-commandline": {
      "version": "2.34.0",
      "resolved": "https://registry.npmjs.org/allure-commandline/-/allure-commandline-2.34.0.tgz",
      "integrity": "sha512-+SgVJ9+o7OH43KVCln0KT7VIsXCfMVEvFuYArIFNtS0fWu61UFdeiCYvrlQPC9trEoFhOe2e5i8Xhghwo46iRQ==",
      "dev": true,
      "bin": {
        "allure": "bin/allure"
      }
    },
    "node_modules/allure-js-commons": {
      "version": "3.2.2",
      "resolved": "https://registry.npmjs.org/allure-js-commons/-/allure-js-commons-3.2.2.tgz",
      "integrity": "sha512-qr9r9+HpyNmbaaAtNDK6qXXar7RcYQECf8hOtH/e8DFKZNahIkfFYU0LP4Q7SPbqyAZsGbocTKikVx9L2po+eg==",
      "dev": true,
      "dependencies": {
        "md5": "^2.3.0"
      },
      "peerDependencies": {
        "allure-playwright": "3.2.2"
      },
      "peerDependenciesMeta": {
        "allure-playwright": {
          "optional": true
        }
      }
    },
    "node_modules/charenc": {
      "version": "0.0.2",
      "resolved": "https://registry.npmjs.org/charenc/-/charenc-0.0.2.tgz",
      "integrity": "sha512-yrLQ/yVUFXkzg7EDQsPieE/53+0RlaWTs+wBrvW36cyilJ2SaDWfl4Yj7MtLTXleV9uEKefbAGUPv2/iWSooRA==",
      "dev": true,
      "engines": {
        "node": "*"
      }
    },
    "node_modules/crypt": {
      "version": "0.0.2",
      "resolved": "https://registry.npmjs.org/crypt/-/crypt-0.0.2.tgz",
      "integrity": "sha512-mCxBlsHFYh9C+HVpiEacem8FEBnMXgU9gy4zmNC+SXAZNB/1idgp/aulFJ4FgCi7GPEVbfyng092GqL2k2rmow==",
      "dev": true,
      "engines": {
        "node": "*"
      }
    },
    "node_modules/is-buffer": {
      "version": "1.1.6",
      "resolved": "https://registry.npmjs.org/is-buffer/-/is-buffer-1.1.6.tgz",
      "integrity": "sha512-NcdALwpXkTm5Zvvbk7owOUSvVvBKDgKP5/ewfXEznmQFfs4ZRmanOeKBTjRVjka3QFoN6XJ+9F3USqfHqTaU5w==",
      "dev": true
    },
    "node_modules/md5": {
      "version": "2.3.0",
      "resolved": "https://registry.npmjs.org/md5/-/md5-2.3.0.tgz",
      "integrity": "sha512-T1GITYmFaKuO91vxyoQMFETst+O71VUPEU3ze5GNzDm0OWdP8v1ziTaAEPUr/3kLsY3Sftgz242A1SetQiDL7g==",
      "dev": true,
      "dependencies": {
        "charenc": "0.0.2",
        "crypt": "0.0.2",
        "is-buffer": "~1.1.6"
      }
    },
    "node_modules/newman-reporter-allure": {
      "version": "3.2.2",
      "resolved": "https://registry.npmjs.org/newman-reporter-allure/-/newman-reporter-allure-3.2.2.tgz",
      "integrity": "sha512-VlVdVJcDyyGhqrC0J5LlC0+dQ3cgwajRLUV7VZCSWf6c1pA4xbD+GW9tveOHZCGKg58knTRSa7sYxOz4v2qT3w==",
      "dev": true,
      "dependencies": {
        "allure-js-commons": "3.2.2"
      },
      "peerDependencies": {
        "newman": ">=3.5.0"
      },
      "peerDependenciesMeta": {
        "newman": {
          "optional": true
        }
      }
    }
  }
}
